Microsoft Visual Studio Solution File, Format Version 12.00
# Visual Studio Version 17
VisualStudioVersion = 17.13.35931.197
MinimumVisualStudioVersion = 10.0.40219.1
Project("{FAE04EC0-301F-11D3-BF4B-00C04F79EFBC}") = "AspireCafe.Intel64", "AspireCafe.AppHost\AspireCafe.Intel64.csproj", "{90856AE9-767E-43C0-81E8-3393E0089527}"
EndProject
Project("{FAE04EC0-301F-11D3-BF4B-00C04F79EFBC}") = "AspireCafe.ServiceDefaults", "AspireCafe.ServiceDefaults\AspireCafe.ServiceDefaults.csproj", "{0AC558A7-D1D8-CCF8-FC63-51D1DDA870C6}"
EndProject
Project("{FAE04EC0-301F-11D3-BF4B-00C04F79EFBC}") = "AspireCafe.BaristaApi", "AspireCafe.BaristaApi\AspireCafe.BaristaApi.csproj", "{AE88F669-8164-461D-3A0B-7C7E0ACD6AF7}"
EndProject
Project("{FAE04EC0-301F-11D3-BF4B-00C04F79EFBC}") = "AspireCafe.CounterApi", "AspireCafe.CounterApi\AspireCafe.CounterApi.csproj", "{8105FF97-2096-48F1-37F6-FD8ED14CF535}"
EndProject
Project("{FAE04EC0-301F-11D3-BF4B-00C04F79EFBC}") = "AspireCafe.KitchenApi", "AspireCafe.KitchenApi\AspireCafe.KitchenApi.csproj", "{5C10780C-BE57-0588-9115-02A6F6FC5853}"
EndProject
Project("{FAE04EC0-301F-11D3-BF4B-00C04F79EFBC}") = "AspireCafe.ProductApi", "AspireCafe.ProductApi\AspireCafe.ProductApi.csproj", "{E17C6A0C-8D9B-2C5F-0D4F-69ED3E405407}"
EndProject
Project("{FAE04EC0-301F-11D3-BF4B-00C04F79EFBC}") = "AspireCafe.Shared", "AspireCafe.Shared\AspireCafe.Shared.csproj", "{D868A5A5-7E1F-4F4F-BA42-A27EE6483FBE}"
EndProject
Project("{FAE04EC0-301F-11D3-BF4B-00C04F79EFBC}") = "AspireCafe.OrderSummaryApi", "AspireCafe.OderSummaryApi\AspireCafe.OrderSummaryApi.csproj", "{FC966E6D-0A40-16AC-A4AE-95394F9F98ED}"
EndProject
Project("{FAE04EC0-301F-11D3-BF4B-00C04F79EFBC}") = "AspireCafe.BaristaApiDomainLayer", "AspireCafe.BaristaApiDomainLayer\AspireCafe.BaristaApiDomainLayer.csproj", "{D8C346EC-E6B3-4805-B6E8-8D230C4063E0}"
EndProject
Project("{FAE04EC0-301F-11D3-BF4B-00C04F79EFBC}") = "AspireCafe.CounterApiDomainLayer", "AspireCafe.CounterApiDomainLayer\AspireCafe.CounterApiDomainLayer.csproj", "{FF97D3E1-2F7E-4D2B-AD3D-10DD8C097A59}"
EndProject
Project("{FAE04EC0-301F-11D3-BF4B-00C04F79EFBC}") = "AspireCafe.KitchenApiDomainLayer", "AspireCafe.KitchenApiDomainLayer\AspireCafe.KitchenApiDomainLayer.csproj", "{D7437EBC-50E7-4A61-9713-64B4EDCEEAC7}"
EndProject
Project("{FAE04EC0-301F-11D3-BF4B-00C04F79EFBC}") = "AspireCafe.OrderSummaryApiDomainLayer", "AspireCafe.OrderSummaryApiDomainLayer\AspireCafe.OrderSummaryApiDomainLayer.csproj", "{56406939-F2AC-483B-9677-8AC520C4A0B6}"
EndProject
Project("{FAE04EC0-301F-11D3-BF4B-00C04F79EFBC}") = "AspireCafe.ProductApiDomainLayer", "AspireCafe.ProductApiDomainLayer\AspireCafe.ProductApiDomainLayer.csproj", "{6D980DEA-23C3-44E3-8DB2-AE2A74B24236}"
EndProject
Project("{2150E333-8FDC-42A3-9474-1A3956D46DE8}") = "Barista", "Barista", "{02EA681E-C7D8-13C7-8484-4AC65E1B71E8}"
EndProject
Project("{2150E333-8FDC-42A3-9474-1A3956D46DE8}") = "Counter", "Counter", "{D74C6572-8D0B-4E37-B895-0C266B76F06C}"
EndProject
Project("{2150E333-8FDC-42A3-9474-1A3956D46DE8}") = "Kitchen", "Kitchen", "{3B6F4FC7-91F6-436D-868A-6495E7891534}"
EndProject
Project("{2150E333-8FDC-42A3-9474-1A3956D46DE8}") = "Order Summary", "Order Summary", "{FD995452-DEF6-4735-B133-5B86203B1DBF}"
EndProject
Project("{2150E333-8FDC-42A3-9474-1A3956D46DE8}") = "Product", "Product", "{989BF121-0609-4605-A6B8-4C62451A71A4}"
EndProject
Project("{2150E333-8FDC-42A3-9474-1A3956D46DE8}") = "Shared", "Shared", "{6D24CCFC-6B96-4E7D-AF09-CD71C09741C3}"
EndProject
Project("{2150E333-8FDC-42A3-9474-1A3956D46DE8}") = "Test Projects", "Test Projects", "{8C2423BA-D1AC-4350-9B50-562DB7D4ED5E}"
EndProject
Project("{FAE04EC0-301F-11D3-BF4B-00C04F79EFBC}") = "AspireCafe.Azure", "AppHostAzure\AspireCafe.Azure.csproj", "{2C87B8A5-1010-48C8-A7D8-A31954943FF3}"
EndProject
Project("{2150E333-8FDC-42A3-9474-1A3956D46DE8}") = "UI", "UI", "{061A445C-A570-4F19-8B24-A95B03D27209}"
EndProject
Project("{54A90642-561A-4BB1-A94E-469ADEE60C69}") = "AspireCafe.UI", "AspireCafe.UI\AspireCafe.UI.esproj", "{0114E2FB-AC99-9CFA-1E04-25C0A2C0A020}"
EndProject
Project("{2150E333-8FDC-42A3-9474-1A3956D46DE8}") = "Hosts", "Hosts", "{8469568D-FCAC-4D45-B9EF-4F7AC51AFE0A}"
EndProject
Project("{FAE04EC0-301F-11D3-BF4B-00C04F79EFBC}") = "AspireCafe.Arm64", "AspireCafe.Arm64\AspireCafe.Arm64.csproj", "{A2724CEF-CF01-4930-B7E1-DE81296B672E}"
EndProject
Project("{2150E333-8FDC-42A3-9474-1A3956D46DE8}") = "Reverse Proxy", "Reverse Proxy", "{39BFA4C9-F866-41F5-A502-6333E085B417}"
EndProject
Project("{2150E333-8FDC-42A3-9474-1A3956D46DE8}") = "Authentication", "Authentication", "{4956DE39-2546-4674-A65D-67243FD9CD31}"
EndProject
Project("{FAE04EC0-301F-11D3-BF4B-00C04F79EFBC}") = "AspireCafe.AuthenticationApi", "AspireCafe.Authentication\AspireCafe.AuthenticationApi.csproj", "{09239A84-F1E2-76AD-D3F4-3701995788FE}"
EndProject
Project("{FAE04EC0-301F-11D3-BF4B-00C04F79EFBC}") = "AspireCafe.AuthenticationApiDomainLayer", "AspireCafe.AuthenticationDomainLayer\AspireCafe.AuthenticationApiDomainLayer.csproj", "{E621E199-DBA1-4B51-8298-9D04F9967AB1}"
EndProject
Project("{FAE04EC0-301F-11D3-BF4B-00C04F79EFBC}") = "AspireCafe.Proxy", "AspireCafe.Proxy\AspireCafe.Proxy.csproj", "{5BDF98FC-7AF8-AC66-9CF2-9EAB13EBC6A2}"
EndProject
Global
	GlobalSection(SolutionConfigurationPlatforms) = preSolution
		Debug|Any CPU = Debug|Any CPU
		Release|Any CPU = Release|Any CPU
	EndGlobalSection
	GlobalSection(ProjectConfigurationPlatforms) = postSolution
		{90856AE9-767E-43C0-81E8-3393E0089527}.Debug|Any CPU.ActiveCfg = Debug|Any CPU
		{90856AE9-767E-43C0-81E8-3393E0089527}.Debug|Any CPU.Build.0 = Debug|Any CPU
		{90856AE9-767E-43C0-81E8-3393E0089527}.Release|Any CPU.ActiveCfg = Release|Any CPU
		{90856AE9-767E-43C0-81E8-3393E0089527}.Release|Any CPU.Build.0 = Release|Any CPU
		{0AC558A7-D1D8-CCF8-FC63-51D1DDA870C6}.Debug|Any CPU.ActiveCfg = Debug|Any CPU
		{0AC558A7-D1D8-CCF8-FC63-51D1DDA870C6}.Debug|Any CPU.Build.0 = Debug|Any CPU
		{0AC558A7-D1D8-CCF8-FC63-51D1DDA870C6}.Release|Any CPU.ActiveCfg = Release|Any CPU
		{0AC558A7-D1D8-CCF8-FC63-51D1DDA870C6}.Release|Any CPU.Build.0 = Release|Any CPU
		{AE88F669-8164-461D-3A0B-7C7E0ACD6AF7}.Debug|Any CPU.ActiveCfg = Debug|Any CPU
		{AE88F669-8164-461D-3A0B-7C7E0ACD6AF7}.Debug|Any CPU.Build.0 = Debug|Any CPU
		{AE88F669-8164-461D-3A0B-7C7E0ACD6AF7}.Release|Any CPU.ActiveCfg = Release|Any CPU
		{AE88F669-8164-461D-3A0B-7C7E0ACD6AF7}.Release|Any CPU.Build.0 = Release|Any CPU
		{8105FF97-2096-48F1-37F6-FD8ED14CF535}.Debug|Any CPU.ActiveCfg = Debug|Any CPU
		{8105FF97-2096-48F1-37F6-FD8ED14CF535}.Debug|Any CPU.Build.0 = Debug|Any CPU
		{8105FF97-2096-48F1-37F6-FD8ED14CF535}.Release|Any CPU.ActiveCfg = Release|Any CPU
		{8105FF97-2096-48F1-37F6-FD8ED14CF535}.Release|Any CPU.Build.0 = Release|Any CPU
		{5C10780C-BE57-0588-9115-02A6F6FC5853}.Debug|Any CPU.ActiveCfg = Debug|Any CPU
		{5C10780C-BE57-0588-9115-02A6F6FC5853}.Debug|Any CPU.Build.0 = Debug|Any CPU
		{5C10780C-BE57-0588-9115-02A6F6FC5853}.Release|Any CPU.ActiveCfg = Release|Any CPU
		{5C10780C-BE57-0588-9115-02A6F6FC5853}.Release|Any CPU.Build.0 = Release|Any CPU
		{E17C6A0C-8D9B-2C5F-0D4F-69ED3E405407}.Debug|Any CPU.ActiveCfg = Debug|Any CPU
		{E17C6A0C-8D9B-2C5F-0D4F-69ED3E405407}.Debug|Any CPU.Build.0 = Debug|Any CPU
		{E17C6A0C-8D9B-2C5F-0D4F-69ED3E405407}.Release|Any CPU.ActiveCfg = Release|Any CPU
		{E17C6A0C-8D9B-2C5F-0D4F-69ED3E405407}.Release|Any CPU.Build.0 = Release|Any CPU
		{D868A5A5-7E1F-4F4F-BA42-A27EE6483FBE}.Debug|Any CPU.ActiveCfg = Debug|Any CPU
		{D868A5A5-7E1F-4F4F-BA42-A27EE6483FBE}.Debug|Any CPU.Build.0 = Debug|Any CPU
		{D868A5A5-7E1F-4F4F-BA42-A27EE6483FBE}.Release|Any CPU.ActiveCfg = Release|Any CPU
		{D868A5A5-7E1F-4F4F-BA42-A27EE6483FBE}.Release|Any CPU.Build.0 = Release|Any CPU
		{FC966E6D-0A40-16AC-A4AE-95394F9F98ED}.Debug|Any CPU.ActiveCfg = Debug|Any CPU
		{FC966E6D-0A40-16AC-A4AE-95394F9F98ED}.Debug|Any CPU.Build.0 = Debug|Any CPU
		{FC966E6D-0A40-16AC-A4AE-95394F9F98ED}.Release|Any CPU.ActiveCfg = Release|Any CPU
		{FC966E6D-0A40-16AC-A4AE-95394F9F98ED}.Release|Any CPU.Build.0 = Release|Any CPU
		{D8C346EC-E6B3-4805-B6E8-8D230C4063E0}.Debug|Any CPU.ActiveCfg = Debug|Any CPU
		{D8C346EC-E6B3-4805-B6E8-8D230C4063E0}.Debug|Any CPU.Build.0 = Debug|Any CPU
		{D8C346EC-E6B3-4805-B6E8-8D230C4063E0}.Release|Any CPU.ActiveCfg = Release|Any CPU
		{D8C346EC-E6B3-4805-B6E8-8D230C4063E0}.Release|Any CPU.Build.0 = Release|Any CPU
		{FF97D3E1-2F7E-4D2B-AD3D-10DD8C097A59}.Debug|Any CPU.ActiveCfg = Debug|Any CPU
		{FF97D3E1-2F7E-4D2B-AD3D-10DD8C097A59}.Debug|Any CPU.Build.0 = Debug|Any CPU
		{FF97D3E1-2F7E-4D2B-AD3D-10DD8C097A59}.Release|Any CPU.ActiveCfg = Release|Any CPU
		{FF97D3E1-2F7E-4D2B-AD3D-10DD8C097A59}.Release|Any CPU.Build.0 = Release|Any CPU
		{D7437EBC-50E7-4A61-9713-64B4EDCEEAC7}.Debug|Any CPU.ActiveCfg = Debug|Any CPU
		{D7437EBC-50E7-4A61-9713-64B4EDCEEAC7}.Debug|Any CPU.Build.0 = Debug|Any CPU
		{D7437EBC-50E7-4A61-9713-64B4EDCEEAC7}.Release|Any CPU.ActiveCfg = Release|Any CPU
		{D7437EBC-50E7-4A61-9713-64B4EDCEEAC7}.Release|Any CPU.Build.0 = Release|Any CPU
		{56406939-F2AC-483B-9677-8AC520C4A0B6}.Debug|Any CPU.ActiveCfg = Debug|Any CPU
		{56406939-F2AC-483B-9677-8AC520C4A0B6}.Debug|Any CPU.Build.0 = Debug|Any CPU
		{56406939-F2AC-483B-9677-8AC520C4A0B6}.Release|Any CPU.ActiveCfg = Release|Any CPU
		{56406939-F2AC-483B-9677-8AC520C4A0B6}.Release|Any CPU.Build.0 = Release|Any CPU
		{6D980DEA-23C3-44E3-8DB2-AE2A74B24236}.Debug|Any CPU.ActiveCfg = Debug|Any CPU
		{6D980DEA-23C3-44E3-8DB2-AE2A74B24236}.Debug|Any CPU.Build.0 = Debug|Any CPU
		{6D980DEA-23C3-44E3-8DB2-AE2A74B24236}.Release|Any CPU.ActiveCfg = Release|Any CPU
		{6D980DEA-23C3-44E3-8DB2-AE2A74B24236}.Release|Any CPU.Build.0 = Release|Any CPU
		{2C87B8A5-1010-48C8-A7D8-A31954943FF3}.Debug|Any CPU.ActiveCfg = Debug|Any CPU
		{2C87B8A5-1010-48C8-A7D8-A31954943FF3}.Debug|Any CPU.Build.0 = Debug|Any CPU
		{2C87B8A5-1010-48C8-A7D8-A31954943FF3}.Release|Any CPU.ActiveCfg = Release|Any CPU
		{2C87B8A5-1010-48C8-A7D8-A31954943FF3}.Release|Any CPU.Build.0 = Release|Any CPU
		{0114E2FB-AC99-9CFA-1E04-25C0A2C0A020}.Debug|Any CPU.ActiveCfg = Debug|Any CPU
		{0114E2FB-AC99-9CFA-1E04-25C0A2C0A020}.Debug|Any CPU.Build.0 = Debug|Any CPU
		{0114E2FB-AC99-9CFA-1E04-25C0A2C0A020}.Debug|Any CPU.Deploy.0 = Debug|Any CPU
		{0114E2FB-AC99-9CFA-1E04-25C0A2C0A020}.Release|Any CPU.ActiveCfg = Release|Any CPU
		{0114E2FB-AC99-9CFA-1E04-25C0A2C0A020}.Release|Any CPU.Build.0 = Release|Any CPU
		{0114E2FB-AC99-9CFA-1E04-25C0A2C0A020}.Release|Any CPU.Deploy.0 = Release|Any CPU
		{A2724CEF-CF01-4930-B7E1-DE81296B672E}.Debug|Any CPU.ActiveCfg = Debug|Any CPU
		{A2724CEF-CF01-4930-B7E1-DE81296B672E}.Debug|Any CPU.Build.0 = Debug|Any CPU
		{A2724CEF-CF01-4930-B7E1-DE81296B672E}.Release|Any CPU.ActiveCfg = Release|Any CPU
		{A2724CEF-CF01-4930-B7E1-DE81296B672E}.Release|Any CPU.Build.0 = Release|Any CPU
		{09239A84-F1E2-76AD-D3F4-3701995788FE}.Debug|Any CPU.ActiveCfg = Debug|Any CPU
		{09239A84-F1E2-76AD-D3F4-3701995788FE}.Debug|Any CPU.Build.0 = Debug|Any CPU
		{09239A84-F1E2-76AD-D3F4-3701995788FE}.Release|Any CPU.ActiveCfg = Release|Any CPU
		{09239A84-F1E2-76AD-D3F4-3701995788FE}.Release|Any CPU.Build.0 = Release|Any CPU
		{E621E199-DBA1-4B51-8298-9D04F9967AB1}.Debug|Any CPU.ActiveCfg = Debug|Any CPU
		{E621E199-DBA1-4B51-8298-9D04F9967AB1}.Debug|Any CPU.Build.0 = Debug|Any CPU
		{E621E199-DBA1-4B51-8298-9D04F9967AB1}.Release|Any CPU.ActiveCfg = Release|Any CPU
		{E621E199-DBA1-4B51-8298-9D04F9967AB1}.Release|Any CPU.Build.0 = Release|Any CPU
		{5BDF98FC-7AF8-AC66-9CF2-9EAB13EBC6A2}.Debug|Any CPU.ActiveCfg = Debug|Any CPU
		{5BDF98FC-7AF8-AC66-9CF2-9EAB13EBC6A2}.Debug|Any CPU.Build.0 = Debug|Any CPU
		{5BDF98FC-7AF8-AC66-9CF2-9EAB13EBC6A2}.Release|Any CPU.ActiveCfg = Release|Any CPU
		{5BDF98FC-7AF8-AC66-9CF2-9EAB13EBC6A2}.Release|Any CPU.Build.0 = Release|Any CPU
	EndGlobalSection
	GlobalSection(SolutionProperties) = preSolution
		HideSolutionNode = FALSE
	EndGlobalSection
	GlobalSection(NestedProjects) = preSolution
		{90856AE9-767E-43C0-81E8-3393E0089527} = {8469568D-FCAC-4D45-B9EF-4F7AC51AFE0A}
		{0AC558A7-D1D8-CCF8-FC63-51D1DDA870C6} = {6D24CCFC-6B96-4E7D-AF09-CD71C09741C3}
		{AE88F669-8164-461D-3A0B-7C7E0ACD6AF7} = {02EA681E-C7D8-13C7-8484-4AC65E1B71E8}
		{8105FF97-2096-48F1-37F6-FD8ED14CF535} = {D74C6572-8D0B-4E37-B895-0C266B76F06C}
		{5C10780C-BE57-0588-9115-02A6F6FC5853} = {3B6F4FC7-91F6-436D-868A-6495E7891534}
		{E17C6A0C-8D9B-2C5F-0D4F-69ED3E405407} = {989BF121-0609-4605-A6B8-4C62451A71A4}
		{D868A5A5-7E1F-4F4F-BA42-A27EE6483FBE} = {6D24CCFC-6B96-4E7D-AF09-CD71C09741C3}
		{FC966E6D-0A40-16AC-A4AE-95394F9F98ED} = {FD995452-DEF6-4735-B133-5B86203B1DBF}
		{D8C346EC-E6B3-4805-B6E8-8D230C4063E0} = {02EA681E-C7D8-13C7-8484-4AC65E1B71E8}
		{FF97D3E1-2F7E-4D2B-AD3D-10DD8C097A59} = {D74C6572-8D0B-4E37-B895-0C266B76F06C}
		{D7437EBC-50E7-4A61-9713-64B4EDCEEAC7} = {3B6F4FC7-91F6-436D-868A-6495E7891534}
		{56406939-F2AC-483B-9677-8AC520C4A0B6} = {FD995452-DEF6-4735-B133-5B86203B1DBF}
		{6D980DEA-23C3-44E3-8DB2-AE2A74B24236} = {989BF121-0609-4605-A6B8-4C62451A71A4}
		{2C87B8A5-1010-48C8-A7D8-A31954943FF3} = {8469568D-FCAC-4D45-B9EF-4F7AC51AFE0A}
		{0114E2FB-AC99-9CFA-1E04-25C0A2C0A020} = {061A445C-A570-4F19-8B24-A95B03D27209}
		{A2724CEF-CF01-4930-B7E1-DE81296B672E} = {8469568D-FCAC-4D45-B9EF-4F7AC51AFE0A}
		{09239A84-F1E2-76AD-D3F4-3701995788FE} = {4956DE39-2546-4674-A65D-67243FD9CD31}
		{E621E199-DBA1-4B51-8298-9D04F9967AB1} = {4956DE39-2546-4674-A65D-67243FD9CD31}
		{5BDF98FC-7AF8-AC66-9CF2-9EAB13EBC6A2} = {39BFA4C9-F866-41F5-A502-6333E085B417}
	EndGlobalSection
	GlobalSection(ExtensibilityGlobals) = postSolution
		SolutionGuid = {28703359-652E-4C8D-9510-28EA89C9877A}
	EndGlobalSection
EndGlobal
